
Microsoft Visual Studio Solution File, Format Version 12.00
# Visual Studio Version 17
VisualStudioVersion = 17.5.2.0
MinimumVisualStudioVersion = 10.0.40219.1
Project("{FAE04EC0-301F-11D3-BF4B-00C04F79EFBC}") = "LibrairieSteam", "LibrairieSteam.csproj", "{A4DD5C64-DE47-04E3-195D-E0BA2D9E2797}"
EndProject
Project("{FAE04EC0-301F-11D3-BF4B-00C04F79EFBC}") = "LibrairieSteam.Tests", "LibrairieSteam.Tests\LibrairieSteam.Tests.csproj", "{EEF15093-9EC0-4D9D-9AAB-604A265AFA75}"
EndProject
Global
	GlobalSection(SolutionConfigurationPlatforms) = preSolution
		Debug|Any CPU = Debug|Any CPU
		Debug|x64 = Debug|x64
		Debug|x86 = Debug|x86
		Release|Any CPU = Release|Any CPU
		Release|x64 = Release|x64
		Release|x86 = Release|x86
	EndGlobalSection
	GlobalSection(ProjectConfigurationPlatforms) = postSolution
		{A4DD5C64-DE47-04E3-195D-E0BA2D9E2797}.Debug|Any CPU.ActiveCfg = Debug|Any CPU
		{A4DD5C64-DE47-04E3-195D-E0BA2D9E2797}.Debug|Any CPU.Build.0 = Debug|Any CPU
		{A4DD5C64-DE47-04E3-195D-E0BA2D9E2797}.Debug|x64.ActiveCfg = Debug|Any CPU
		{A4DD5C64-DE47-04E3-195D-E0BA2D9E2797}.Debug|x64.Build.0 = Debug|Any CPU
		{A4DD5C64-DE47-04E3-195D-E0BA2D9E2797}.Debug|x86.ActiveCfg = Debug|Any CPU
		{A4DD5C64-DE47-04E3-195D-E0BA2D9E2797}.Debug|x86.Build.0 = Debug|Any CPU
		{A4DD5C64-DE47-04E3-195D-E0BA2D9E2797}.Release|Any CPU.ActiveCfg = Release|Any CPU
		{A4DD5C64-DE47-04E3-195D-E0BA2D9E2797}.Release|Any CPU.Build.0 = Release|Any CPU
		{A4DD5C64-DE47-04E3-195D-E0BA2D9E2797}.Release|x64.ActiveCfg = Release|Any CPU
		{A4DD5C64-DE47-04E3-195D-E0BA2D9E2797}.Release|x64.Build.0 = Release|Any CPU
		{A4DD5C64-DE47-04E3-195D-E0BA2D9E2797}.Release|x86.ActiveCfg = Release|Any CPU
		{A4DD5C64-DE47-04E3-195D-E0BA2D9E2797}.Release|x86.Build.0 = Release|Any CPU
		{EEF15093-9EC0-4D9D-9AAB-604A265AFA75}.Debug|Any CPU.ActiveCfg = Debug|Any CPU
		{EEF15093-9EC0-4D9D-9AAB-604A265AFA75}.Debug|Any CPU.Build.0 = Debug|Any CPU
		{EEF15093-9EC0-4D9D-9AAB-604A265AFA75}.Debug|x64.ActiveCfg = Debug|Any CPU
		{EEF15093-9EC0-4D9D-9AAB-604A265AFA75}.Debug|x64.Build.0 = Debug|Any CPU
		{EEF15093-9EC0-4D9D-9AAB-604A265AFA75}.Debug|x86.ActiveCfg = Debug|Any CPU
		{EEF15093-9EC0-4D9D-9AAB-604A265AFA75}.Debug|x86.Build.0 = Debug|Any CPU
		{EEF15093-9EC0-4D9D-9AAB-604A265AFA75}.Release|Any CPU.ActiveCfg = Release|Any CPU
		{EEF15093-9EC0-4D9D-9AAB-604A265AFA75}.Release|Any CPU.Build.0 = Release|Any CPU
		{EEF15093-9EC0-4D9D-9AAB-604A265AFA75}.Release|x64.ActiveCfg = Release|Any CPU
		{EEF15093-9EC0-4D9D-9AAB-604A265AFA75}.Release|x64.Build.0 = Release|Any CPU
		{EEF15093-9EC0-4D9D-9AAB-604A265AFA75}.Release|x86.ActiveCfg = Release|Any CPU
		{EEF15093-9EC0-4D9D-9AAB-604A265AFA75}.Release|x86.Build.0 = Release|Any CPU
	EndGlobalSection
	GlobalSection(SolutionProperties) = preSolution
		HideSolutionNode = FALSE
	EndGlobalSection
	GlobalSection(ExtensibilityGlobals) = postSolution
		SolutionGuid = {ABFE9A71-A33F-4DE3-A56F-7B7D2F1D5B55}
	EndGlobalSection
EndGlobal
